
Microsoft Visual Studio Solution File, Format Version 12.00
# Visual Studio Version 17
VisualStudioVersion = 17.8.34322.80
MinimumVisualStudioVersion = 10.0.40219.1
Project("{9A19103F-16F7-4668-BE54-9A1E7A4F7556}") = "VectorXBackend", "VectorXBackend\VectorXBackend.csproj", "{39AA8B98-D9AE-43DC-862C-EF5EDB98DA2E}"
EndProject
Project("{54A90642-561A-4BB1-A94E-469ADEE60C69}") = "vector-x-frontend", "vector-x-frontend\vector-x-frontend.esproj", "{B2D9546A-1D93-4FEE-8B36-BC8262505E47}"
EndProject
Global
	GlobalSection(SolutionConfigurationPlatforms) = preSolution
		Debug|Any CPU = Debug|Any CPU
		Release|Any CPU = Release|Any CPU
	EndGlobalSection
	GlobalSection(ProjectConfigurationPlatforms) = postSolution
		{39AA8B98-D9AE-43DC-862C-EF5EDB98DA2E}.Debug|Any CPU.ActiveCfg = Debug|Any CPU
		{39AA8B98-D9AE-43DC-862C-EF5EDB98DA2E}.Debug|Any CPU.Build.0 = Debug|Any CPU
		{39AA8B98-D9AE-43DC-862C-EF5EDB98DA2E}.Release|Any CPU.ActiveCfg = Release|Any CPU
		{39AA8B98-D9AE-43DC-862C-EF5EDB98DA2E}.Release|Any CPU.Build.0 = Release|Any CPU
		{B2D9546A-1D93-4FEE-8B36-BC8262505E47}.Debug|Any CPU.ActiveCfg = Debug|Any CPU
		{B2D9546A-1D93-4FEE-8B36-BC8262505E47}.Debug|Any CPU.Build.0 = Debug|Any CPU
		{B2D9546A-1D93-4FEE-8B36-BC8262505E47}.Debug|Any CPU.Deploy.0 = Debug|Any CPU
		{B2D9546A-1D93-4FEE-8B36-BC8262505E47}.Release|Any CPU.ActiveCfg = Release|Any CPU
		{B2D9546A-1D93-4FEE-8B36-BC8262505E47}.Release|Any CPU.Build.0 = Release|Any CPU
		{B2D9546A-1D93-4FEE-8B36-BC8262505E47}.Release|Any CPU.Deploy.0 = Release|Any CPU
	EndGlobalSection
	GlobalSection(SolutionProperties) = preSolution
		HideSolutionNode = FALSE
	EndGlobalSection
	GlobalSection(ExtensibilityGlobals) = postSolution
		SolutionGuid = {69710558-68ED-403B-9EE6-A5524D9EBF17}
	EndGlobalSection
EndGlobal
